
Microsoft Visual Studio Solution File, Format Version 12.00
# Visual Studio Version 16
VisualStudioVersion = 16.0.30804.86
MinimumVisualStudioVersion = 10.0.40219.1
Project("{FAE04EC0-301F-11D3-BF4B-00C04F79EFBC}") = "ToDoList.Android", "ToDoList\ToDoList.Android\ToDoList.Android.csproj", "{8ECCA920-764E-4E0C-9F21-4CEE0ADFDBC2}"
EndProject
Project("{FAE04EC0-301F-11D3-BF4B-00C04F79EFBC}") = "ToDoList", "ToDoList\ToDoList\ToDoList.csproj", "{8F51072E-84BC-4220-91BF-9DF2BB125500}"
EndProject
Global
	GlobalSection(SolutionConfigurationPlatforms) = preSolution
		Debug|Any CPU = Debug|Any CPU
		Release|Any CPU = Release|Any CPU
	EndGlobalSection
	GlobalSection(ProjectConfigurationPlatforms) = postSolution
		{8ECCA920-764E-4E0C-9F21-4CEE0ADFDBC2}.Debug|Any CPU.ActiveCfg = Debug|Any CPU
		{8ECCA920-764E-4E0C-9F21-4CEE0ADFDBC2}.Debug|Any CPU.Build.0 = Debug|Any CPU
		{8ECCA920-764E-4E0C-9F21-4CEE0ADFDBC2}.Debug|Any CPU.Deploy.0 = Debug|Any CPU
		{8ECCA920-764E-4E0C-9F21-4CEE0ADFDBC2}.Release|Any CPU.ActiveCfg = Release|Any CPU
		{8ECCA920-764E-4E0C-9F21-4CEE0ADFDBC2}.Release|Any CPU.Build.0 = Release|Any CPU
		{8ECCA920-764E-4E0C-9F21-4CEE0ADFDBC2}.Release|Any CPU.Deploy.0 = Release|Any CPU
		{8F51072E-84BC-4220-91BF-9DF2BB125500}.Debug|Any CPU.ActiveCfg = Debug|Any CPU
		{8F51072E-84BC-4220-91BF-9DF2BB125500}.Debug|Any CPU.Build.0 = Debug|Any CPU
		{8F51072E-84BC-4220-91BF-9DF2BB125500}.Debug|Any CPU.Deploy.0 = Debug|Any CPU
		{8F51072E-84BC-4220-91BF-9DF2BB125500}.Release|Any CPU.ActiveCfg = Release|Any CPU
		{8F51072E-84BC-4220-91BF-9DF2BB125500}.Release|Any CPU.Build.0 = Release|Any CPU
		{8F51072E-84BC-4220-91BF-9DF2BB125500}.Release|Any CPU.Deploy.0 = Release|Any CPU
	EndGlobalSection
	GlobalSection(SolutionProperties) = preSolution
		HideSolutionNode = FALSE
	EndGlobalSection
	GlobalSection(ExtensibilityGlobals) = postSolution
		SolutionGuid = {FF36BD63-90FF-4804-901A-BE87E30F12FA}
	EndGlobalSection
EndGlobal
